
Microsoft Visual Studio Solution File, Format Version 12.00
# Visual Studio Version 17
VisualStudioVersion = 17.9.34518.117
MinimumVisualStudioVersion = 10.0.40219.1
Project("{FAE04EC0-301F-11D3-BF4B-00C04F79EFBC}") = "Rudis", "Rudis\Rudis.csproj", "{A969E07E-A516-4A83-BD25-C8475FDADD82}"
EndProject
Project("{FAE04EC0-301F-11D3-BF4B-00C04F79EFBC}") = "Rudis.Client", "Rudis.Client\Rudis.Client.csproj", "{A5FF1C01-858A-4C1B-9CCC-6FC1F61C0139}"
EndProject
Global
	GlobalSection(SolutionConfigurationPlatforms) = preSolution
		Debug|Any CPU = Debug|Any CPU
		Release|Any CPU = Release|Any CPU
	EndGlobalSection
	GlobalSection(ProjectConfigurationPlatforms) = postSolution
		{A969E07E-A516-4A83-BD25-C8475FDADD82}.Debug|Any CPU.ActiveCfg = Debug|Any CPU
		{A969E07E-A516-4A83-BD25-C8475FDADD82}.Debug|Any CPU.Build.0 = Debug|Any CPU
		{A969E07E-A516-4A83-BD25-C8475FDADD82}.Release|Any CPU.ActiveCfg = Release|Any CPU
		{A969E07E-A516-4A83-BD25-C8475FDADD82}.Release|Any CPU.Build.0 = Release|Any CPU
		{A5FF1C01-858A-4C1B-9CCC-6FC1F61C0139}.Debug|Any CPU.ActiveCfg = Debug|Any CPU
		{A5FF1C01-858A-4C1B-9CCC-6FC1F61C0139}.Debug|Any CPU.Build.0 = Debug|Any CPU
		{A5FF1C01-858A-4C1B-9CCC-6FC1F61C0139}.Release|Any CPU.ActiveCfg = Release|Any CPU
		{A5FF1C01-858A-4C1B-9CCC-6FC1F61C0139}.Release|Any CPU.Build.0 = Release|Any CPU
	EndGlobalSection
	GlobalSection(SolutionProperties) = preSolution
		HideSolutionNode = FALSE
	EndGlobalSection
	GlobalSection(ExtensibilityGlobals) = postSolution
		SolutionGuid = {67B69764-75D1-4567-ADF2-1E5491BBC0AA}
	EndGlobalSection
EndGlobal
